// !$*UTF8*$!
{
	archiveVersion = 1;
	classes = {
	};
	objectVersion = 56;
	objects = {

/* Begin PBXBuildFile section */
		A10000000000000000000001 /* LazySplitApp.swift in Sources */ = {isa = PBXBuildFile; fileRef = A20000000000000000000001 /* LazySplitApp.swift */; };
		A10000000000000000000002 /* Models.swift in Sources */ = {isa = PBXBuildFile; fileRef = A20000000000000000000002 /* Models.swift */; };
		A10000000000000000000003 /* Services.swift in Sources */ = {isa = PBXBuildFile; fileRef = A20000000000000000000003 /* Services.swift */; };
		A10000000000000000000004 /* RootView.swift in Sources */ = {isa = PBXBuildFile; fileRef = A20000000000000000000004 /* RootView.swift */; };
		A10000000000000000000005 /* SecondaryViews.swift in Sources */ = {isa = PBXBuildFile; fileRef = A20000000000000000000005 /* SecondaryViews.swift */; };
		A10000000000000000000006 /* CSVImporterTests.swift in Sources */ = {isa = PBXBuildFile; fileRef = A20000000000000000000006 /* CSVImporterTests.swift */; };
		A10000000000000000000007 /* XCTest.framework in Frameworks */ = {isa = PBXBuildFile; fileRef = A20000000000000000000007 /* XCTest.framework */; };
		A10000000000000000000008 /* LazySplit.app in Frameworks */ = {isa = PBXBuildFile; fileRef = A20000000000000000000008 /* LazySplit.app */; };
		A10000000000000000000009 /* LinkKit in Frameworks */ = {isa = PBXBuildFile; productRef = A90000000000000000000002 /* LinkKit */; };
		A1000000000000000000000A /* GoogleSignIn in Frameworks */ = {isa = PBXBuildFile; productRef = A90000000000000000000004 /* GoogleSignIn */; };
		A1000000000000000000000B /* Assets.xcassets in Resources */ = {isa = PBXBuildFile; fileRef = A2000000000000000000000D /* Assets.xcassets */; };
/* End PBXBuildFile section */

/* Begin PBXContainerItemProxy section */
		A30000000000000000000001 /* PBXContainerItemProxy */ = {
			isa = PBXContainerItemProxy;
			containerPortal = A40000000000000000000001 /* Project object */;
			proxyType = 1;
			remoteGlobalIDString = A50000000000000000000001;
			remoteInfo = LazySplit;
		};
/* End PBXContainerItemProxy section */

/* Begin PBXCopyFilesBuildPhase section */
		A60000000000000000000007 /* Embed Frameworks */ = {
			isa = PBXCopyFilesBuildPhase;
			buildActionMask = 2147483647;
			dstPath = "";
			dstSubfolderSpec = 10;
			files = (
			);
			name = "Embed Frameworks";
			runOnlyForDeploymentPostprocessing = 0;
		};
/* End PBXCopyFilesBuildPhase section */

/* Begin PBXFileReference section */
		A20000000000000000000001 /* LazySplitApp.swift */ = {isa = PBXFileReference; lastKnownFileType = sourcecode.swift; path = LazySplitApp.swift; sourceTree = "<group>"; };
		A20000000000000000000002 /* Models.swift */ = {isa = PBXFileReference; lastKnownFileType = sourcecode.swift; path = Models.swift; sourceTree = "<group>"; };
		A20000000000000000000003 /* Services.swift */ = {isa = PBXFileReference; lastKnownFileType = sourcecode.swift; path = Services.swift; sourceTree = "<group>"; };
		A20000000000000000000004 /* RootView.swift */ = {isa = PBXFileReference; lastKnownFileType = sourcecode.swift; path = RootView.swift; sourceTree = "<group>"; };
		A20000000000000000000005 /* SecondaryViews.swift */ = {isa = PBXFileReference; lastKnownFileType = sourcecode.swift; path = SecondaryViews.swift; sourceTree = "<group>"; };
		A20000000000000000000006 /* CSVImporterTests.swift */ = {isa = PBXFileReference; lastKnownFileType = sourcecode.swift; path = CSVImporterTests.swift; sourceTree = "<group>"; };
		A20000000000000000000007 /* XCTest.framework */ = {isa = PBXFileReference; lastKnownFileType = wrapper.framework; name = XCTest.framework; path = System/Library/Frameworks/XCTest.framework; sourceTree = SDKROOT; };
		A20000000000000000000008 /* LazySplit.app */ = {isa = PBXFileReference; explicitFileType = wrapper.application; includeInIndex = 0; path = LazySplit.app; sourceTree = BUILT_PRODUCTS_DIR; };
		A20000000000000000000009 /* LazySplitTests.xctest */ = {isa = PBXFileReference; explicitFileType = wrapper.cfbundle; includeInIndex = 0; path = LazySplitTests.xctest; sourceTree = BUILT_PRODUCTS_DIR; };
		A2000000000000000000000A /* LazySplit.entitlements */ = {isa = PBXFileReference; lastKnownFileType = text.plist.entitlements; path = LazySplit.entitlements; sourceTree = "<group>"; };
		A2000000000000000000000B /* LazySplitDebug.entitlements */ = {isa = PBXFileReference; lastKnownFileType = text.plist.entitlements; path = LazySplitDebug.entitlements; sourceTree = "<group>"; };
		A2000000000000000000000C /* Info.plist */ = {isa = PBXFileReference; lastKnownFileType = text.plist.xml; path = Info.plist; sourceTree = "<group>"; };
		A2000000000000000000000D /* Assets.xcassets */ = {isa = PBXFileReference; lastKnownFileType = folder.assetcatalog; path = Assets.xcassets; sourceTree = "<group>"; };
/* End PBXFileReference section */

/* Begin PBXFrameworksBuildPhase section */
		A60000000000000000000001 /* Frameworks */ = {
			isa = PBXFrameworksBuildPhase;
			buildActionMask = 2147483647;
			files = (
				A10000000000000000000009 /* LinkKit in Frameworks */,
				A1000000000000000000000A /* GoogleSignIn in Frameworks */,
			);
			runOnlyForDeploymentPostprocessing = 0;
		};
		A60000000000000000000002 /* Frameworks */ = {
			isa = PBXFrameworksBuildPhase;
			buildActionMask = 2147483647;
			files = (
				A10000000000000000000007 /* XCTest.framework in Frameworks */,
				A10000000000000000000008 /* LazySplit.app in Frameworks */,
			);
			runOnlyForDeploymentPostprocessing = 0;
		};
/* End PBXFrameworksBuildPhase section */

/* Begin PBXGroup section */
		A70000000000000000000001 = {
			isa = PBXGroup;
			children = (
				A70000000000000000000002 /* LazySplit */,
				A70000000000000000000003 /* LazySplitTests */,
				A70000000000000000000004 /* Frameworks */,
				A70000000000000000000005 /* Products */,
			);
			sourceTree = "<group>";
		};
		A70000000000000000000002 /* LazySplit */ = {
			isa = PBXGroup;
			children = (
				A20000000000000000000001 /* LazySplitApp.swift */,
				A20000000000000000000002 /* Models.swift */,
				A20000000000000000000003 /* Services.swift */,
				A20000000000000000000004 /* RootView.swift */,
				A20000000000000000000005 /* SecondaryViews.swift */,
				A2000000000000000000000A /* LazySplit.entitlements */,
				A2000000000000000000000B /* LazySplitDebug.entitlements */,
				A2000000000000000000000C /* Info.plist */,
				A2000000000000000000000D /* Assets.xcassets */,
			);
			path = LazySplit;
			sourceTree = "<group>";
		};
		A70000000000000000000003 /* LazySplitTests */ = {
			isa = PBXGroup;
			children = (
				A20000000000000000000006 /* CSVImporterTests.swift */,
			);
			path = LazySplitTests;
			sourceTree = "<group>";
		};
		A70000000000000000000004 /* Frameworks */ = {
			isa = PBXGroup;
			children = (
				A20000000000000000000007 /* XCTest.framework */,
			);
			name = Frameworks;
			sourceTree = "<group>";
		};
		A70000000000000000000005 /* Products */ = {
			isa = PBXGroup;
			children = (
				A20000000000000000000008 /* LazySplit.app */,
				A20000000000000000000009 /* LazySplitTests.xctest */,
			);
			name = Products;
			sourceTree = "<group>";
		};
/* End PBXGroup section */

/* Begin PBXNativeTarget section */
		A50000000000000000000001 /* LazySplit */ = {
			isa = PBXNativeTarget;
			buildConfigurationList = A80000000000000000000002 /* Build configuration list for PBXNativeTarget "LazySplit" */;
			buildPhases = (
				A60000000000000000000003 /* Sources */,
				A60000000000000000000001 /* Frameworks */,
				A60000000000000000000007 /* Embed Frameworks */,
				A60000000000000000000005 /* Resources */,
			);
			buildRules = (
			);
			dependencies = (
			);
			name = LazySplit;
			packageProductDependencies = (
				A90000000000000000000002 /* LinkKit */,
				A90000000000000000000004 /* GoogleSignIn */,
			);
			productName = LazySplit;
			productReference = A20000000000000000000008 /* LazySplit.app */;
			productType = "com.apple.product-type.application";
		};
		A50000000000000000000002 /* LazySplitTests */ = {
			isa = PBXNativeTarget;
			buildConfigurationList = A80000000000000000000003 /* Build configuration list for PBXNativeTarget "LazySplitTests" */;
			buildPhases = (
				A60000000000000000000004 /* Sources */,
				A60000000000000000000002 /* Frameworks */,
			);
			buildRules = (
			);
			dependencies = (
				A60000000000000000000006 /* PBXTargetDependency */,
			);
			name = LazySplitTests;
			productName = LazySplitTests;
			productReference = A20000000000000000000009 /* LazySplitTests.xctest */;
			productType = "com.apple.product-type.bundle.unit-test";
		};
/* End PBXNativeTarget section */

/* Begin PBXProject section */
		A40000000000000000000001 /* Project object */ = {
			isa = PBXProject;
			attributes = {
				BuildIndependentTargetsInParallel = YES;
				LastSwiftUpdateCheck = 2700;
				LastUpgradeCheck = 2700;
				TargetAttributes = {
					A50000000000000000000001 = {
						CreatedOnToolsVersion = 27.0;
					};
					A50000000000000000000002 = {
						CreatedOnToolsVersion = 27.0;
						TestTargetID = A50000000000000000000001;
					};
				};
			};
			buildConfigurationList = A80000000000000000000001 /* Build configuration list for PBXProject "LazySplit" */;
			compatibilityVersion = "Xcode 14.0";
			developmentRegion = en;
			hasScannedForEncodings = 0;
			knownRegions = (
				en,
				Base,
			);
			mainGroup = A70000000000000000000001;
			packageReferences = (
				A90000000000000000000001 /* XCRemoteSwiftPackageReference "plaid-link-ios-spm" */,
				A90000000000000000000003 /* XCRemoteSwiftPackageReference "GoogleSignIn-iOS" */,
			);
			productRefGroup = A70000000000000000000005 /* Products */;
			projectDirPath = "";
			projectRoot = "";
			targets = (
				A50000000000000000000001 /* LazySplit */,
				A50000000000000000000002 /* LazySplitTests */,
			);
		};
/* End PBXProject section */

/* Begin PBXResourcesBuildPhase section */
		A60000000000000000000005 /* Resources */ = {
			isa = PBXResourcesBuildPhase;
			buildActionMask = 2147483647;
			files = (
				A1000000000000000000000B /* Assets.xcassets in Resources */,
			);
			runOnlyForDeploymentPostprocessing = 0;
		};
/* End PBXResourcesBuildPhase section */

/* Begin PBXSourcesBuildPhase section */
		A60000000000000000000003 /* Sources */ = {
			isa = PBXSourcesBuildPhase;
			buildActionMask = 2147483647;
			files = (
				A10000000000000000000001 /* LazySplitApp.swift in Sources */,
				A10000000000000000000002 /* Models.swift in Sources */,
				A10000000000000000000003 /* Services.swift in Sources */,
				A10000000000000000000004 /* RootView.swift in Sources */,
				A10000000000000000000005 /* SecondaryViews.swift in Sources */,
			);
			runOnlyForDeploymentPostprocessing = 0;
		};
		A60000000000000000000004 /* Sources */ = {
			isa = PBXSourcesBuildPhase;
			buildActionMask = 2147483647;
			files = (
				A10000000000000000000006 /* CSVImporterTests.swift in Sources */,
			);
			runOnlyForDeploymentPostprocessing = 0;
		};
/* End PBXSourcesBuildPhase section */

/* Begin PBXTargetDependency section */
		A60000000000000000000006 /* PBXTargetDependency */ = {
			isa = PBXTargetDependency;
			target = A50000000000000000000001 /* LazySplit */;
			targetProxy = A30000000000000000000001 /* PBXContainerItemProxy */;
		};
/* End PBXTargetDependency section */

/* Begin XCBuildConfiguration section */
		B10000000000000000000001 /* Debug */ = {
			isa = XCBuildConfiguration;
			buildSettings = {
				ALWAYS_SEARCH_USER_PATHS = NO;
				CLANG_ENABLE_MODULES = YES;
				ENABLE_STRICT_OBJC_MSGSEND = YES;
				GCC_C_LANGUAGE_STANDARD = gnu17;
				IPHONEOS_DEPLOYMENT_TARGET = 17.0;
				SWIFT_VERSION = 6.0;
			};
			name = Debug;
		};
		B10000000000000000000002 /* Release */ = {
			isa = XCBuildConfiguration;
			buildSettings = {
				ALWAYS_SEARCH_USER_PATHS = NO;
				CLANG_ENABLE_MODULES = YES;
				ENABLE_STRICT_OBJC_MSGSEND = YES;
				GCC_C_LANGUAGE_STANDARD = gnu17;
				IPHONEOS_DEPLOYMENT_TARGET = 17.0;
				SWIFT_COMPILATION_MODE = wholemodule;
				SWIFT_VERSION = 6.0;
			};
			name = Release;
		};
		B10000000000000000000003 /* Debug */ = {
			isa = XCBuildConfiguration;
			buildSettings = {
				ASSETCATALOG_COMPILER_APPICON_NAME = AppIcon;
				CODE_SIGN_ENTITLEMENTS = LazySplit/LazySplitDebug.entitlements;
				CODE_SIGN_IDENTITY = "Apple Development";
				CODE_SIGN_STYLE = Automatic;
				CURRENT_PROJECT_VERSION = 1;
				DEVELOPMENT_TEAM = V2355J9WCX;
				ENABLE_TESTABILITY = YES;
				API_BASE_URL = "https://lazysplit.aayushrawal.com";
				GENERATE_INFOPLIST_FILE = NO;
				GOOGLE_IOS_CLIENT_ID = "42768217132-tkspd0v0rpcuan22kp5d9u5fhuo55m69.apps.googleusercontent.com";
				GOOGLE_REVERSED_CLIENT_ID = "com.googleusercontent.apps.42768217132-tkspd0v0rpcuan22kp5d9u5fhuo55m69";
				GOOGLE_SERVER_CLIENT_ID = "42768217132-59eajmmikhdtj57ti1duh4cheff91r0s.apps.googleusercontent.com";
				INFOPLIST_FILE = LazySplit/Info.plist;
				INFOPLIST_KEY_API_BASE_URL = "https://lazysplit.aayushrawal.com";
				INFOPLIST_KEY_CFBundleDisplayName = LazySplit;
				INFOPLIST_KEY_LSApplicationCategoryType = "public.app-category.finance";
				INFOPLIST_KEY_UIApplicationSceneManifest_Generation = YES;
				INFOPLIST_KEY_UIApplicationSupportsIndirectInputEvents = YES;
				INFOPLIST_KEY_UILaunchScreen_Generation = YES;
				INFOPLIST_KEY_UISupportedInterfaceOrientations = UIInterfaceOrientationPortrait;
				LD_RUNPATH_SEARCH_PATHS = (
					"$(inherited)",
					"@executable_path/Frameworks",
				);
				MARKETING_VERSION = 0.1.0;
				PRODUCT_BUNDLE_IDENTIFIER = com.aayushrawal.LazySplit;
				PRODUCT_NAME = "$(TARGET_NAME)";
				PROVISIONING_PROFILE_SPECIFIER = "";
				SDKROOT = iphoneos;
				SUPPORTED_PLATFORMS = "iphoneos iphonesimulator";
				SWIFT_EMIT_LOC_STRINGS = YES;
				SWIFT_VERSION = 6.0;
				TARGETED_DEVICE_FAMILY = 1;
			};
			name = Debug;
		};
		B10000000000000000000004 /* Release */ = {
			isa = XCBuildConfiguration;
			buildSettings = {
				ASSETCATALOG_COMPILER_APPICON_NAME = AppIcon;
				CODE_SIGN_ENTITLEMENTS = LazySplit/LazySplit.entitlements;
				CODE_SIGN_STYLE = Automatic;
				CURRENT_PROJECT_VERSION = 1;
				DEVELOPMENT_TEAM = V2355J9WCX;
				API_BASE_URL = "https://lazysplit.aayushrawal.com";
				GENERATE_INFOPLIST_FILE = NO;
				GOOGLE_IOS_CLIENT_ID = "42768217132-tkspd0v0rpcuan22kp5d9u5fhuo55m69.apps.googleusercontent.com";
				GOOGLE_REVERSED_CLIENT_ID = "com.googleusercontent.apps.42768217132-tkspd0v0rpcuan22kp5d9u5fhuo55m69";
				GOOGLE_SERVER_CLIENT_ID = "42768217132-59eajmmikhdtj57ti1duh4cheff91r0s.apps.googleusercontent.com";
				INFOPLIST_FILE = LazySplit/Info.plist;
				INFOPLIST_KEY_API_BASE_URL = "https://lazysplit.aayushrawal.com";
				INFOPLIST_KEY_CFBundleDisplayName = LazySplit;
				INFOPLIST_KEY_LSApplicationCategoryType = "public.app-category.finance";
				INFOPLIST_KEY_UIApplicationSceneManifest_Generation = YES;
				INFOPLIST_KEY_UIApplicationSupportsIndirectInputEvents = YES;
				INFOPLIST_KEY_UILaunchScreen_Generation = YES;
				INFOPLIST_KEY_UISupportedInterfaceOrientations = UIInterfaceOrientationPortrait;
				LD_RUNPATH_SEARCH_PATHS = (
					"$(inherited)",
					"@executable_path/Frameworks",
				);
				MARKETING_VERSION = 0.1.0;
				PRODUCT_BUNDLE_IDENTIFIER = com.aayushrawal.LazySplit;
				PRODUCT_NAME = "$(TARGET_NAME)";
				PROVISIONING_PROFILE_SPECIFIER = "";
				SDKROOT = iphoneos;
				SUPPORTED_PLATFORMS = "iphoneos iphonesimulator";
				SWIFT_COMPILATION_MODE = wholemodule;
				SWIFT_VERSION = 6.0;
				TARGETED_DEVICE_FAMILY = 1;
				VALIDATE_PRODUCT = YES;
			};
			name = Release;
		};
		B10000000000000000000005 /* Debug */ = {
			isa = XCBuildConfiguration;
			buildSettings = {
				BUNDLE_LOADER = "$(TEST_HOST)";
				CODE_SIGN_STYLE = Automatic;
				GENERATE_INFOPLIST_FILE = YES;
				IPHONEOS_DEPLOYMENT_TARGET = 17.0;
				PRODUCT_BUNDLE_IDENTIFIER = com.example.LazySplitTests;
				PRODUCT_NAME = "$(TARGET_NAME)";
				SDKROOT = iphoneos;
				SWIFT_VERSION = 6.0;
				TARGETED_DEVICE_FAMILY = 1;
				TEST_HOST = "$(BUILT_PRODUCTS_DIR)/LazySplit.app/$(BUNDLE_EXECUTABLE_FOLDER_PATH)/LazySplit";
			};
			name = Debug;
		};
		B10000000000000000000006 /* Release */ = {
			isa = XCBuildConfiguration;
			buildSettings = {
				BUNDLE_LOADER = "$(TEST_HOST)";
				CODE_SIGN_STYLE = Automatic;
				GENERATE_INFOPLIST_FILE = YES;
				IPHONEOS_DEPLOYMENT_TARGET = 17.0;
				PRODUCT_BUNDLE_IDENTIFIER = com.example.LazySplitTests;
				PRODUCT_NAME = "$(TARGET_NAME)";
				SDKROOT = iphoneos;
				SWIFT_VERSION = 6.0;
				TARGETED_DEVICE_FAMILY = 1;
				TEST_HOST = "$(BUILT_PRODUCTS_DIR)/LazySplit.app/$(BUNDLE_EXECUTABLE_FOLDER_PATH)/LazySplit";
			};
			name = Release;
		};
/* End XCBuildConfiguration section */

/* Begin XCConfigurationList section */
		A80000000000000000000001 /* Build configuration list for PBXProject "LazySplit" */ = {
			isa = XCConfigurationList;
			buildConfigurations = (
				B10000000000000000000001 /* Debug */,
				B10000000000000000000002 /* Release */,
			);
			defaultConfigurationIsVisible = 0;
			defaultConfigurationName = Release;
		};
		A80000000000000000000002 /* Build configuration list for PBXNativeTarget "LazySplit" */ = {
			isa = XCConfigurationList;
			buildConfigurations = (
				B10000000000000000000003 /* Debug */,
				B10000000000000000000004 /* Release */,
			);
			defaultConfigurationIsVisible = 0;
			defaultConfigurationName = Release;
		};
		A80000000000000000000003 /* Build configuration list for PBXNativeTarget "LazySplitTests" */ = {
			isa = XCConfigurationList;
			buildConfigurations = (
				B10000000000000000000005 /* Debug */,
				B10000000000000000000006 /* Release */,
			);
			defaultConfigurationIsVisible = 0;
			defaultConfigurationName = Release;
		};
/* End XCConfigurationList section */

/* Begin XCRemoteSwiftPackageReference section */
		A90000000000000000000001 /* XCRemoteSwiftPackageReference "plaid-link-ios-spm" */ = {
			isa = XCRemoteSwiftPackageReference;
			repositoryURL = "https://github.com/plaid/plaid-link-ios-spm";
			requirement = {
				kind = upToNextMajorVersion;
				minimumVersion = 7.0.0;
			};
		};
		A90000000000000000000003 /* XCRemoteSwiftPackageReference "GoogleSignIn-iOS" */ = {
			isa = XCRemoteSwiftPackageReference;
			repositoryURL = "https://github.com/google/GoogleSignIn-iOS";
			requirement = {
				kind = upToNextMajorVersion;
				minimumVersion = 9.0.0;
			};
		};
/* End XCRemoteSwiftPackageReference section */

/* Begin XCSwiftPackageProductDependency section */
		A90000000000000000000002 /* LinkKit */ = {
			isa = XCSwiftPackageProductDependency;
			package = A90000000000000000000001 /* XCRemoteSwiftPackageReference "plaid-link-ios-spm" */;
			productName = LinkKit;
		};
		A90000000000000000000004 /* GoogleSignIn */ = {
			isa = XCSwiftPackageProductDependency;
			package = A90000000000000000000003 /* XCRemoteSwiftPackageReference "GoogleSignIn-iOS" */;
			productName = GoogleSignIn;
		};
/* End XCSwiftPackageProductDependency section */
	};
	rootObject = A40000000000000000000001 /* Project object */;
}
