{
  "originHash" : "58620475b326837784365601e24dfb547c7df2220c710fff8023a611cf5c1944",
  "pins" : [
    {
      "identity" : "plaid-link-ios-spm",
      "kind" : "remoteSourceControl",
      "location" : "https://github.com/plaid/plaid-link-ios-spm",
      "state" : {
        "revision" : "31afb22fac71ebc28a2a76dba308ac009eee66a3",
        "version" : "7.0.5"
      }
    }
  ],
  "version" : 3
}
